
Microsoft Visual Studio Solution File, Format Version 12.00
# Visual Studio Version 16
VisualStudioVersion = 16.0.32602.291
MinimumVisualStudioVersion = 10.0.40219.1
Project("{FAE04EC0-301F-11D3-BF4B-00C04F79EFBC}") = "WebApplicationMVC", "WebApplicationMVC.csproj", "{84EE685B-FE07-4EE2-A8B1-790DDE406846}"
EndProject
Global
	GlobalSection(SolutionConfigurationPlatforms) = preSolution
		Debug|Any CPU = Debug|Any CPU
		Release|Any CPU = Release|Any CPU
	EndGlobalSection
	GlobalSection(ProjectConfigurationPlatforms) = postSolution
		{84EE685B-FE07-4EE2-A8B1-790DDE406846}.Debug|Any CPU.ActiveCfg = Debug|Any CPU
		{84EE685B-FE07-4EE2-A8B1-790DDE406846}.Debug|Any CPU.Build.0 = Debug|Any CPU
		{84EE685B-FE07-4EE2-A8B1-790DDE406846}.Release|Any CPU.ActiveCfg = Release|Any CPU
		{84EE685B-FE07-4EE2-A8B1-790DDE406846}.Release|Any CPU.Build.0 = Release|Any CPU
	EndGlobalSection
	GlobalSection(SolutionProperties) = preSolution
		HideSolutionNode = FALSE
	EndGlobalSection
	GlobalSection(ExtensibilityGlobals) = postSolution
		SolutionGuid = {8D4BD336-6939-425F-97C4-EEE985476BAC}
	EndGlobalSection
EndGlobal
